
Microsoft Visual Studio Solution File, Format Version 12.00
# Visual Studio 2015
Project("{FAE04EC0-301F-11D3-BF4B-00C04F79EFBC}") = "NewTest.CSharp", "NewTest.CSharp.csproj", "{91B8699F-A8EA-DF1A-146C-FED9A344ECB3}"
EndProject
Global
	GlobalSection(SolutionConfigurationPlatforms) = preSolution
		Debug|Any CPU = Debug|Any CPU
		Release|Any CPU = Release|Any CPU
	EndGlobalSection
	GlobalSection(ProjectConfigurationPlatforms) = postSolution
		{91B8699F-A8EA-DF1A-146C-FED9A344ECB3}.Debug|Any CPU.ActiveCfg = Debug|Any CPU
		{91B8699F-A8EA-DF1A-146C-FED9A344ECB3}.Debug|Any CPU.Build.0 = Debug|Any CPU
		{91B8699F-A8EA-DF1A-146C-FED9A344ECB3}.Release|Any CPU.ActiveCfg = Release|Any CPU
		{91B8699F-A8EA-DF1A-146C-FED9A344ECB3}.Release|Any CPU.Build.0 = Release|Any CPU
	EndGlobalSection
	GlobalSection(SolutionProperties) = preSolution
		HideSolutionNode = FALSE
	EndGlobalSection
EndGlobal
